
Microsoft Visual Studio Solution File, Format Version 12.00
# Visual Studio Version 17
VisualStudioVersion = 17.0.31919.166
MinimumVisualStudioVersion = 10.0.40219.1
Project("{9A19103F-16F7-4668-BE54-9A1E7A4F7556}") = "Git", "Git\Git.csproj", "{CBB4DFFE-795B-4FF7-982F-540497707897}"
EndProject
Project("{FAE04EC0-301F-11D3-BF4B-00C04F79EFBC}") = "Lab1", "Lab1\Lab1.csproj", "{79B93229-F7B7-49B9-9FF5-94F3B3C3CA39}"
EndProject
Project("{FAE04EC0-301F-11D3-BF4B-00C04F79EFBC}") = "PersonLib", "PersonLib\PersonLib.csproj", "{0955E8F6-BDE2-4665-8CE8-12864C11620F}"
EndProject
Global
	GlobalSection(SolutionConfigurationPlatforms) = preSolution
		Debug|Any CPU = Debug|Any CPU
		Release|Any CPU = Release|Any CPU
	EndGlobalSection
	GlobalSection(ProjectConfigurationPlatforms) = postSolution
		{CBB4DFFE-795B-4FF7-982F-540497707897}.Debug|Any CPU.ActiveCfg = Debug|Any CPU
		{CBB4DFFE-795B-4FF7-982F-540497707897}.Debug|Any CPU.Build.0 = Debug|Any CPU
		{CBB4DFFE-795B-4FF7-982F-540497707897}.Release|Any CPU.ActiveCfg = Release|Any CPU
		{CBB4DFFE-795B-4FF7-982F-540497707897}.Release|Any CPU.Build.0 = Release|Any CPU
		{79B93229-F7B7-49B9-9FF5-94F3B3C3CA39}.Debug|Any CPU.ActiveCfg = Debug|Any CPU
		{79B93229-F7B7-49B9-9FF5-94F3B3C3CA39}.Debug|Any CPU.Build.0 = Debug|Any CPU
		{79B93229-F7B7-49B9-9FF5-94F3B3C3CA39}.Release|Any CPU.ActiveCfg = Release|Any CPU
		{79B93229-F7B7-49B9-9FF5-94F3B3C3CA39}.Release|Any CPU.Build.0 = Release|Any CPU
		{0955E8F6-BDE2-4665-8CE8-12864C11620F}.Debug|Any CPU.ActiveCfg = Debug|Any CPU
		{0955E8F6-BDE2-4665-8CE8-12864C11620F}.Debug|Any CPU.Build.0 = Debug|Any CPU
		{0955E8F6-BDE2-4665-8CE8-12864C11620F}.Release|Any CPU.ActiveCfg = Release|Any CPU
		{0955E8F6-BDE2-4665-8CE8-12864C11620F}.Release|Any CPU.Build.0 = Release|Any CPU
	EndGlobalSection
	GlobalSection(SolutionProperties) = preSolution
		HideSolutionNode = FALSE
	EndGlobalSection
	GlobalSection(ExtensibilityGlobals) = postSolution
		SolutionGuid = {5C6F2952-464A-471A-B112-38BBC6E5B585}
	EndGlobalSection
EndGlobal
